
Microsoft Visual Studio Solution File, Format Version 12.00
# Visual Studio Version 17
VisualStudioVersion = 17.1.32228.430
MinimumVisualStudioVersion = 10.0.40219.1
Project("{FAE04EC0-301F-11D3-BF4B-00C04F79EFBC}") = "FundoNote", "FundoNote\FundoNote.csproj", "{A9E60644-C74D-42CE-881D-25186E7904CB}"
EndProject
Project("{FAE04EC0-301F-11D3-BF4B-00C04F79EFBC}") = "BusinessLayer", "BusinessLayer\BusinessLayer.csproj", "{FE72C778-4CE1-4F5A-A831-4657A4A89152}"
EndProject
Project("{FAE04EC0-301F-11D3-BF4B-00C04F79EFBC}") = "RepositoryLayer", "RepositoryLayers\RepositoryLayer.csproj", "{6D6AEF07-FBCE-4558-8347-75F8D1448464}"
EndProject
Project("{FAE04EC0-301F-11D3-BF4B-00C04F79EFBC}") = "DatabaseLayer", "DatabaseLayer\DatabaseLayer.csproj", "{3FD4BEAD-72B6-4049-8E52-5C072CFC4DCC}"
EndProject
Global
	GlobalSection(SolutionConfigurationPlatforms) = preSolution
		Debug|Any CPU = Debug|Any CPU
		Release|Any CPU = Release|Any CPU
	EndGlobalSection
	GlobalSection(ProjectConfigurationPlatforms) = postSolution
		{A9E60644-C74D-42CE-881D-25186E7904CB}.Debug|Any CPU.ActiveCfg = Debug|Any CPU
		{A9E60644-C74D-42CE-881D-25186E7904CB}.Debug|Any CPU.Build.0 = Debug|Any CPU
		{A9E60644-C74D-42CE-881D-25186E7904CB}.Release|Any CPU.ActiveCfg = Release|Any CPU
		{A9E60644-C74D-42CE-881D-25186E7904CB}.Release|Any CPU.Build.0 = Release|Any CPU
		{FE72C778-4CE1-4F5A-A831-4657A4A89152}.Debug|Any CPU.ActiveCfg = Debug|Any CPU
		{FE72C778-4CE1-4F5A-A831-4657A4A89152}.Debug|Any CPU.Build.0 = Debug|Any CPU
		{FE72C778-4CE1-4F5A-A831-4657A4A89152}.Release|Any CPU.ActiveCfg = Release|Any CPU
		{FE72C778-4CE1-4F5A-A831-4657A4A89152}.Release|Any CPU.Build.0 = Release|Any CPU
		{6D6AEF07-FBCE-4558-8347-75F8D1448464}.Debug|Any CPU.ActiveCfg = Debug|Any CPU
		{6D6AEF07-FBCE-4558-8347-75F8D1448464}.Debug|Any CPU.Build.0 = Debug|Any CPU
		{6D6AEF07-FBCE-4558-8347-75F8D1448464}.Release|Any CPU.ActiveCfg = Release|Any CPU
		{6D6AEF07-FBCE-4558-8347-75F8D1448464}.Release|Any CPU.Build.0 = Release|Any CPU
		{3FD4BEAD-72B6-4049-8E52-5C072CFC4DCC}.Debug|Any CPU.ActiveCfg = Debug|Any CPU
		{3FD4BEAD-72B6-4049-8E52-5C072CFC4DCC}.Debug|Any CPU.Build.0 = Debug|Any CPU
		{3FD4BEAD-72B6-4049-8E52-5C072CFC4DCC}.Release|Any CPU.ActiveCfg = Release|Any CPU
		{3FD4BEAD-72B6-4049-8E52-5C072CFC4DCC}.Release|Any CPU.Build.0 = Release|Any CPU
	EndGlobalSection
	GlobalSection(SolutionProperties) = preSolution
		HideSolutionNode = FALSE
	EndGlobalSection
	GlobalSection(ExtensibilityGlobals) = postSolution
		SolutionGuid = {D6E1C196-56AE-4EFC-87C4-980191DAFC9E}
	EndGlobalSection
EndGlobal
